// !$*UTF8*$!
{
	archiveVersion = 1;
	classes = {
	};
	objectVersion = 56;
	objects = {

/* Begin PBXBuildFile section */
		4C443192293FCC69007DCA3E /* AppDelegate.swift in Sources */ = {isa = PBXBuildFile; fileRef = 4C443191293FCC69007DCA3E /* AppDelegate.swift */; };
		4C443194293FCC69007DCA3E /* SceneDelegate.swift in Sources */ = {isa = PBXBuildFile; fileRef = 4C443193293FCC69007DCA3E /* SceneDelegate.swift */; };
		4C443196293FCC69007DCA3E /* ViewController.swift in Sources */ = {isa = PBXBuildFile; fileRef = 4C443195293FCC69007DCA3E /* ViewController.swift */; };
		4C443199293FCC69007DCA3E /* Main.storyboard in Resources */ = {isa = PBXBuildFile; fileRef = 4C443197293FCC69007DCA3E /* Main.storyboard */; };
		4C44319C293FCC69007DCA3E /* CoreDataMariyaHW.xcdatamodeld in Sources */ = {isa = PBXBuildFile; fileRef = 4C44319A293FCC69007DCA3E /* CoreDataMariyaHW.xcdatamodeld */; };
		4C44319E293FCC6B007DCA3E /* Assets.xcassets in Resources */ = {isa = PBXBuildFile; fileRef = 4C44319D293FCC6B007DCA3E /* Assets.xcassets */; };
		4C4431A1293FCC6B007DCA3E /* LaunchScreen.storyboard in Resources */ = {isa = PBXBuildFile; fileRef = 4C44319F293FCC6B007DCA3E /* LaunchScreen.storyboard */; };
		4C4431A9293FCFDC007DCA3E /* Storage.swift in Sources */ = {isa = PBXBuildFile; fileRef = 4C4431A8293FCFDC007DCA3E /* Storage.swift */; };
/* End PBXBuildFile section */

/* Begin PBXFileReference section */
		4C44318E293FCC69007DCA3E /* CoreDataMariyaHW.app */ = {isa = PBXFileReference; explicitFileType = wrapper.application; includeInIndex = 0; path = CoreDataMariyaHW.app; sourceTree = BUILT_PRODUCTS_DIR; };
		4C443191293FCC69007DCA3E /* AppDelegate.swift */ = {isa = PBXFileReference; lastKnownFileType = sourcecode.swift; path = AppDelegate.swift; sourceTree = "<group>"; };
		4C443193293FCC69007DCA3E /* SceneDelegate.swift */ = {isa = PBXFileReference; lastKnownFileType = sourcecode.swift; path = SceneDelegate.swift; sourceTree = "<group>"; };
		4C443195293FCC69007DCA3E /* ViewController.swift */ = {isa = PBXFileReference; lastKnownFileType = sourcecode.swift; path = ViewController.swift; sourceTree = "<group>"; };
		4C443198293FCC69007DCA3E /* Base */ = {isa = PBXFileReference; lastKnownFileType = file.storyboard; name = Base; path = Base.lproj/Main.storyboard; sourceTree = "<group>"; };
		4C44319B293FCC69007DCA3E /* CoreDataMariyaHW.xcdatamodel */ = {isa = PBXFileReference; lastKnownFileType = wrapper.xcdatamodel; path = CoreDataMariyaHW.xcdatamodel; sourceTree = "<group>"; };
		4C44319D293FCC6B007DCA3E /* Assets.xcassets */ = {isa = PBXFileReference; lastKnownFileType = folder.assetcatalog; path = Assets.xcassets; sourceTree = "<group>"; };
		4C4431A0293FCC6B007DCA3E /* Base */ = {isa = PBXFileReference; lastKnownFileType = file.storyboard; name = Base; path = Base.lproj/LaunchScreen.storyboard; sourceTree = "<group>"; };
		4C4431A2293FCC6B007DCA3E /* Info.plist */ = {isa = PBXFileReference; lastKnownFileType = text.plist.xml; path = Info.plist; sourceTree = "<group>"; };
		4C4431A8293FCFDC007DCA3E /* Storage.swift */ = {isa = PBXFileReference; lastKnownFileType = sourcecode.swift; path = Storage.swift; sourceTree = "<group>"; };
/* End PBXFileReference section */

/* Begin PBXFrameworksBuildPhase section */
		4C44318B293FCC69007DCA3E /* Frameworks */ = {
			isa = PBXFrameworksBuildPhase;
			buildActionMask = 2147483647;
			files = (
			);
			runOnlyForDeploymentPostprocessing = 0;
		};
/* End PBXFrameworksBuildPhase section */

/* Begin PBXGroup section */
		4C443185293FCC69007DCA3E = {
			isa = PBXGroup;
			children = (
				4C443190293FCC69007DCA3E /* CoreDataMariyaHW */,
				4C44318F293FCC69007DCA3E /* Products */,
			);
			sourceTree = "<group>";
		};
		4C44318F293FCC69007DCA3E /* Products */ = {
			isa = PBXGroup;
			children = (
				4C44318E293FCC69007DCA3E /* CoreDataMariyaHW.app */,
			);
			name = Products;
			sourceTree = "<group>";
		};
		4C443190293FCC69007DCA3E /* CoreDataMariyaHW */ = {
			isa = PBXGroup;
			children = (
				4C443191293FCC69007DCA3E /* AppDelegate.swift */,
				4C443193293FCC69007DCA3E /* SceneDelegate.swift */,
				4C443195293FCC69007DCA3E /* ViewController.swift */,
				4C4431A8293FCFDC007DCA3E /* Storage.swift */,
				4C443197293FCC69007DCA3E /* Main.storyboard */,
				4C44319D293FCC6B007DCA3E /* Assets.xcassets */,
				4C44319F293FCC6B007DCA3E /* LaunchScreen.storyboard */,
				4C4431A2293FCC6B007DCA3E /* Info.plist */,
				4C44319A293FCC69007DCA3E /* CoreDataMariyaHW.xcdatamodeld */,
			);
			path = CoreDataMariyaHW;
			sourceTree = "<group>";
		};
/* End PBXGroup section */

/* Begin PBXNativeTarget section */
		4C44318D293FCC69007DCA3E /* CoreDataMariyaHW */ = {
			isa = PBXNativeTarget;
			buildConfigurationList = 4C4431A5293FCC6B007DCA3E /* Build configuration list for PBXNativeTarget "CoreDataMariyaHW" */;
			buildPhases = (
				4C44318A293FCC69007DCA3E /* Sources */,
				4C44318B293FCC69007DCA3E /* Frameworks */,
				4C44318C293FCC69007DCA3E /* Resources */,
			);
			buildRules = (
			);
			dependencies = (
			);
			name = CoreDataMariyaHW;
			productName = CoreDataMariyaHW;
			productReference = 4C44318E293FCC69007DCA3E /* CoreDataMariyaHW.app */;
			productType = "com.apple.product-type.application";
		};
/* End PBXNativeTarget section */

/* Begin PBXProject section */
		4C443186293FCC69007DCA3E /* Project object */ = {
			isa = PBXProject;
			attributes = {
				BuildIndependentTargetsInParallel = 1;
				LastSwiftUpdateCheck = 1410;
				LastUpgradeCheck = 1410;
				TargetAttributes = {
					4C44318D293FCC69007DCA3E = {
						CreatedOnToolsVersion = 14.1;
					};
				};
			};
			buildConfigurationList = 4C443189293FCC69007DCA3E /* Build configuration list for PBXProject "CoreDataMariyaHW" */;
			compatibilityVersion = "Xcode 14.0";
			developmentRegion = en;
			hasScannedForEncodings = 0;
			knownRegions = (
				en,
				Base,
			);
			mainGroup = 4C443185293FCC69007DCA3E;
			productRefGroup = 4C44318F293FCC69007DCA3E /* Products */;
			projectDirPath = "";
			projectRoot = "";
			targets = (
				4C44318D293FCC69007DCA3E /* CoreDataMariyaHW */,
			);
		};
/* End PBXProject section */

/* Begin PBXResourcesBuildPhase section */
		4C44318C293FCC69007DCA3E /* Resources */ = {
			isa = PBXResourcesBuildPhase;
			buildActionMask = 2147483647;
			files = (
				4C4431A1293FCC6B007DCA3E /* LaunchScreen.storyboard in Resources */,
				4C44319E293FCC6B007DCA3E /* Assets.xcassets in Resources */,
				4C443199293FCC69007DCA3E /* Main.storyboard in Resources */,
			);
			runOnlyForDeploymentPostprocessing = 0;
		};
/* End PBXResourcesBuildPhase section */

/* Begin PBXSourcesBuildPhase section */
		4C44318A293FCC69007DCA3E /* Sources */ = {
			isa = PBXSourcesBuildPhase;
			buildActionMask = 2147483647;
			files = (
				4C443196293FCC69007DCA3E /* ViewController.swift in Sources */,
				4C443192293FCC69007DCA3E /* AppDelegate.swift in Sources */,
				4C44319C293FCC69007DCA3E /* CoreDataMariyaHW.xcdatamodeld in Sources */,
				4C443194293FCC69007DCA3E /* SceneDelegate.swift in Sources */,
				4C4431A9293FCFDC007DCA3E /* Storage.swift in Sources */,
			);
			runOnlyForDeploymentPostprocessing = 0;
		};
/* End PBXSourcesBuildPhase section */

/* Begin PBXVariantGroup section */
		4C443197293FCC69007DCA3E /* Main.storyboard */ = {
			isa = PBXVariantGroup;
			children = (
				4C443198293FCC69007DCA3E /* Base */,
			);
			name = Main.storyboard;
			sourceTree = "<group>";
		};
		4C44319F293FCC6B007DCA3E /* LaunchScreen.storyboard */ = {
			isa = PBXVariantGroup;
			children = (
				4C4431A0293FCC6B007DCA3E /* Base */,
			);
			name = LaunchScreen.storyboard;
			sourceTree = "<group>";
		};
/* End PBXVariantGroup section */

/* Begin XCBuildConfiguration section */
		4C4431A3293FCC6B007DCA3E /* Debug */ = {
			isa = XCBuildConfiguration;
			buildSettings = {
				ALWAYS_SEARCH_USER_PATHS = NO;
				CLANG_ANALYZER_NONNULL = YES;
				CLANG_ANALYZER_NUMBER_OBJECT_CONVERSION = YES_AGGRESSIVE;
				CLANG_CXX_LANGUAGE_STANDARD = "gnu++20";
				CLANG_ENABLE_MODULES = YES;
				CLANG_ENABLE_OBJC_ARC = YES;
				CLANG_ENABLE_OBJC_WEAK = YES;
				CLANG_WARN_BLOCK_CAPTURE_AUTORELEASING = YES;
				CLANG_WARN_BOOL_CONVERSION = YES;
				CLANG_WARN_COMMA = YES;
				CLANG_WARN_CONSTANT_CONVERSION = YES;
				CLANG_WARN_DEPRECATED_OBJC_IMPLEMENTATIONS = YES;
				CLANG_WARN_DIRECT_OBJC_ISA_USAGE = YES_ERROR;
				CLANG_WARN_DOCUMENTATION_COMMENTS = YES;
				CLANG_WARN_EMPTY_BODY = YES;
				CLANG_WARN_ENUM_CONVERSION = YES;
				CLANG_WARN_INFINITE_RECURSION = YES;
				CLANG_WARN_INT_CONVERSION = YES;
				CLANG_WARN_NON_LITERAL_NULL_CONVERSION = YES;
				CLANG_WARN_OBJC_IMPLICIT_RETAIN_SELF = YES;
				CLANG_WARN_OBJC_LITERAL_CONVERSION = YES;
				CLANG_WARN_OBJC_ROOT_CLASS = YES_ERROR;
				CLANG_WARN_QUOTED_INCLUDE_IN_FRAMEWORK_HEADER = YES;
				CLANG_WARN_RANGE_LOOP_ANALYSIS = YES;
				CLANG_WARN_STRICT_PROTOTYPES = YES;
				CLANG_WARN_SUSPICIOUS_MOVE = YES;
				CLANG_WARN_UNGUARDED_AVAILABILITY = YES_AGGRESSIVE;
				CLANG_WARN_UNREACHABLE_CODE = YES;
				CLANG_WARN__DUPLICATE_METHOD_MATCH = YES;
				COPY_PHASE_STRIP = NO;
				DEBUG_INFORMATION_FORMAT = dwarf;
				ENABLE_STRICT_OBJC_MSGSEND = YES;
				ENABLE_TESTABILITY = YES;
				GCC_C_LANGUAGE_STANDARD = gnu11;
				GCC_DYNAMIC_NO_PIC = NO;
				GCC_NO_COMMON_BLOCKS = YES;
				GCC_OPTIMIZATION_LEVEL = 0;
				GCC_PREPROCESSOR_DEFINITIONS = (
					"DEBUG=1",
					"$(inherited)",
				);
				GCC_WARN_64_TO_32_BIT_CONVERSION = YES;
				GCC_WARN_ABOUT_RETURN_TYPE = YES_ERROR;
				GCC_WARN_UNDECLARED_SELECTOR = YES;
				GCC_WARN_UNINITIALIZED_AUTOS = YES_AGGRESSIVE;
				GCC_WARN_UNUSED_FUNCTION = YES;
				GCC_WARN_UNUSED_VARIABLE = YES;
				IPHONEOS_DEPLOYMENT_TARGET = 16.1;
				MTL_ENABLE_DEBUG_INFO = INCLUDE_SOURCE;
				MTL_FAST_MATH = YES;
				ONLY_ACTIVE_ARCH = YES;
				SDKROOT = iphoneos;
				SWIFT_ACTIVE_COMPILATION_CONDITIONS = DEBUG;
				SWIFT_OPTIMIZATION_LEVEL = "-Onone";
			};
			name = Debug;
		};
		4C4431A4293FCC6B007DCA3E /* Release */ = {
			isa = XCBuildConfiguration;
			buildSettings = {
				ALWAYS_SEARCH_USER_PATHS = NO;
				CLANG_ANALYZER_NONNULL = YES;
				CLANG_ANALYZER_NUMBER_OBJECT_CONVERSION = YES_AGGRESSIVE;
				CLANG_CXX_LANGUAGE_STANDARD = "gnu++20";
				CLANG_ENABLE_MODULES = YES;
				CLANG_ENABLE_OBJC_ARC = YES;
				CLANG_ENABLE_OBJC_WEAK = YES;
				CLANG_WARN_BLOCK_CAPTURE_AUTORELEASING = YES;
				CLANG_WARN_BOOL_CONVERSION = YES;
				CLANG_WARN_COMMA = YES;
				CLANG_WARN_CONSTANT_CONVERSION = YES;
				CLANG_WARN_DEPRECATED_OBJC_IMPLEMENTATIONS = YES;
				CLANG_WARN_DIRECT_OBJC_ISA_USAGE = YES_ERROR;
				CLANG_WARN_DOCUMENTATION_COMMENTS = YES;
				CLANG_WARN_EMPTY_BODY = YES;
				CLANG_WARN_ENUM_CONVERSION = YES;
				CLANG_WARN_INFINITE_RECURSION = YES;
				CLANG_WARN_INT_CONVERSION = YES;
				CLANG_WARN_NON_LITERAL_NULL_CONVERSION = YES;
				CLANG_WARN_OBJC_IMPLICIT_RETAIN_SELF = YES;
				CLANG_WARN_OBJC_LITERAL_CONVERSION = YES;
				CLANG_WARN_OBJC_ROOT_CLASS = YES_ERROR;
				CLANG_WARN_QUOTED_INCLUDE_IN_FRAMEWORK_HEADER = YES;
				CLANG_WARN_RANGE_LOOP_ANALYSIS = YES;
				CLANG_WARN_STRICT_PROTOTYPES = YES;
				CLANG_WARN_SUSPICIOUS_MOVE = YES;
				CLANG_WARN_UNGUARDED_AVAILABILITY = YES_AGGRESSIVE;
				CLANG_WARN_UNREACHABLE_CODE = YES;
				CLANG_WARN__DUPLICATE_METHOD_MATCH = YES;
				COPY_PHASE_STRIP = NO;
				DEBUG_INFORMATION_FORMAT = "dwarf-with-dsym";
				ENABLE_NS_ASSERTIONS = NO;
				ENABLE_STRICT_OBJC_MSGSEND = YES;
				GCC_C_LANGUAGE_STANDARD = gnu11;
				GCC_NO_COMMON_BLOCKS = YES;
				GCC_WARN_64_TO_32_BIT_CONVERSION = YES;
				GCC_WARN_ABOUT_RETURN_TYPE = YES_ERROR;
				GCC_WARN_UNDECLARED_SELECTOR = YES;
				GCC_WARN_UNINITIALIZED_AUTOS = YES_AGGRESSIVE;
				GCC_WARN_UNUSED_FUNCTION = YES;
				GCC_WARN_UNUSED_VARIABLE = YES;
				IPHONEOS_DEPLOYMENT_TARGET = 16.1;
				MTL_ENABLE_DEBUG_INFO = NO;
				MTL_FAST_MATH = YES;
				SDKROOT = iphoneos;
				SWIFT_COMPILATION_MODE = wholemodule;
				SWIFT_OPTIMIZATION_LEVEL = "-O";
				VALIDATE_PRODUCT = YES;
			};
			name = Release;
		};
		4C4431A6293FCC6B007DCA3E /* Debug */ = {
			isa = XCBuildConfiguration;
			buildSettings = {
				ASSETCATALOG_COMPILER_APPICON_NAME = AppIcon;
				ASSETCATALOG_COMPILER_GLOBAL_ACCENT_COLOR_NAME = AccentColor;
				CODE_SIGN_STYLE = Automatic;
				CURRENT_PROJECT_VERSION = 1;
				GENERATE_INFOPLIST_FILE = YES;
				INFOPLIST_FILE = CoreDataMariyaHW/Info.plist;
				INFOPLIST_KEY_UIApplicationSupportsIndirectInputEvents = YES;
				INFOPLIST_KEY_UILaunchStoryboardName = LaunchScreen;
				INFOPLIST_KEY_UIMainStoryboardFile = Main;
				INFOPLIST_KEY_UISupportedInterfaceOrientations_iPad = "UIInterfaceOrientationPortrait UIInterfaceOrientationPortraitUpsideDown UIInterfaceOrientationLandscapeLeft UIInterfaceOrientationLandscapeRight";
				INFOPLIST_KEY_UISupportedInterfaceOrientations_iPhone = "UIInterfaceOrientationPortrait UIInterfaceOrientationLandscapeLeft UIInterfaceOrientationLandscapeRight";
				LD_RUNPATH_SEARCH_PATHS = (
					"$(inherited)",
					"@executable_path/Frameworks",
				);
				MARKETING_VERSION = 1.0;
				PRODUCT_BUNDLE_IDENTIFIER = homework.CoreDataMariyaHW;
				PRODUCT_NAME = "$(TARGET_NAME)";
				SWIFT_EMIT_LOC_STRINGS = YES;
				SWIFT_VERSION = 5.0;
				TARGETED_DEVICE_FAMILY = "1,2";
			};
			name = Debug;
		};
		4C4431A7293FCC6B007DCA3E /* Release */ = {
			isa = XCBuildConfiguration;
			buildSettings = {
				ASSETCATALOG_COMPILER_APPICON_NAME = AppIcon;
				ASSETCATALOG_COMPILER_GLOBAL_ACCENT_COLOR_NAME = AccentColor;
				CODE_SIGN_STYLE = Automatic;
				CURRENT_PROJECT_VERSION = 1;
				GENERATE_INFOPLIST_FILE = YES;
				INFOPLIST_FILE = CoreDataMariyaHW/Info.plist;
				INFOPLIST_KEY_UIApplicationSupportsIndirectInputEvents = YES;
				INFOPLIST_KEY_UILaunchStoryboardName = LaunchScreen;
				INFOPLIST_KEY_UIMainStoryboardFile = Main;
				INFOPLIST_KEY_UISupportedInterfaceOrientations_iPad = "UIInterfaceOrientationPortrait UIInterfaceOrientationPortraitUpsideDown UIInterfaceOrientationLandscapeLeft UIInterfaceOrientationLandscapeRight";
				INFOPLIST_KEY_UISupportedInterfaceOrientations_iPhone = "UIInterfaceOrientationPortrait UIInterfaceOrientationLandscapeLeft UIInterfaceOrientationLandscapeRight";
				LD_RUNPATH_SEARCH_PATHS = (
					"$(inherited)",
					"@executable_path/Frameworks",
				);
				MARKETING_VERSION = 1.0;
				PRODUCT_BUNDLE_IDENTIFIER = homework.CoreDataMariyaHW;
				PRODUCT_NAME = "$(TARGET_NAME)";
				SWIFT_EMIT_LOC_STRINGS = YES;
				SWIFT_VERSION = 5.0;
				TARGETED_DEVICE_FAMILY = "1,2";
			};
			name = Release;
		};
/* End XCBuildConfiguration section */

/* Begin XCConfigurationList section */
		4C443189293FCC69007DCA3E /* Build configuration list for PBXProject "CoreDataMariyaHW" */ = {
			isa = XCConfigurationList;
			buildConfigurations = (
				4C4431A3293FCC6B007DCA3E /* Debug */,
				4C4431A4293FCC6B007DCA3E /* Release */,
			);
			defaultConfigurationIsVisible = 0;
			defaultConfigurationName = Release;
		};
		4C4431A5293FCC6B007DCA3E /* Build configuration list for PBXNativeTarget "CoreDataMariyaHW" */ = {
			isa = XCConfigurationList;
			buildConfigurations = (
				4C4431A6293FCC6B007DCA3E /* Debug */,
				4C4431A7293FCC6B007DCA3E /* Release */,
			);
			defaultConfigurationIsVisible = 0;
			defaultConfigurationName = Release;
		};
/* End XCConfigurationList section */

/* Begin XCVersionGroup section */
		4C44319A293FCC69007DCA3E /* CoreDataMariyaHW.xcdatamodeld */ = {
			isa = XCVersionGroup;
			children = (
				4C44319B293FCC69007DCA3E /* CoreDataMariyaHW.xcdatamodel */,
			);
			currentVersion = 4C44319B293FCC69007DCA3E /* CoreDataMariyaHW.xcdatamodel */;
			path = CoreDataMariyaHW.xcdatamodeld;
			sourceTree = "<group>";
			versionGroupType = wrapper.xcdatamodel;
		};
/* End XCVersionGroup section */
	};
	rootObject = 4C443186293FCC69007DCA3E /* Project object */;
}
